
Microsoft Visual Studio Solution File, Format Version 12.00
# Visual Studio 15
VisualStudioVersion = 15.0.28010.2016
MinimumVisualStudioVersion = 10.0.40219.1
Project("{FAE04EC0-301F-11D3-BF4B-00C04F79EFBC}") = "BookTitles", "BookTitles\BookTitles.csproj", "{3C1715DD-1F12-4627-8964-DE3F398C4715}"
EndProject
Project("{FAE04EC0-301F-11D3-BF4B-00C04F79EFBC}") = "TestBookTitles", "TestBookTitles\TestBookTitles.csproj", "{DBC33F26-4BD2-4372-9502-3753D4F6C409}"
EndProject
Global
	GlobalSection(SolutionConfigurationPlatforms) = preSolution
		Debug|Any CPU = Debug|Any CPU
		Release|Any CPU = Release|Any CPU
	EndGlobalSection
	GlobalSection(ProjectConfigurationPlatforms) = postSolution
		{3C1715DD-1F12-4627-8964-DE3F398C4715}.Debug|Any CPU.ActiveCfg = Debug|Any CPU
		{3C1715DD-1F12-4627-8964-DE3F398C4715}.Debug|Any CPU.Build.0 = Debug|Any CPU
		{3C1715DD-1F12-4627-8964-DE3F398C4715}.Release|Any CPU.ActiveCfg = Release|Any CPU
		{3C1715DD-1F12-4627-8964-DE3F398C4715}.Release|Any CPU.Build.0 = Release|Any CPU
		{DBC33F26-4BD2-4372-9502-3753D4F6C409}.Debug|Any CPU.ActiveCfg = Debug|Any CPU
		{DBC33F26-4BD2-4372-9502-3753D4F6C409}.Debug|Any CPU.Build.0 = Debug|Any CPU
		{DBC33F26-4BD2-4372-9502-3753D4F6C409}.Release|Any CPU.ActiveCfg = Release|Any CPU
		{DBC33F26-4BD2-4372-9502-3753D4F6C409}.Release|Any CPU.Build.0 = Release|Any CPU
	EndGlobalSection
	GlobalSection(SolutionProperties) = preSolution
		HideSolutionNode = FALSE
	EndGlobalSection
	GlobalSection(ExtensibilityGlobals) = postSolution
		SolutionGuid = {0C43FD2B-97C2-4BD5-AFE0-D05F168B51D3}
	EndGlobalSection
EndGlobal
